
Microsoft Visual Studio Solution File, Format Version 12.00
# Visual Studio Version 16
VisualStudioVersion = 16.0.31205.134
MinimumVisualStudioVersion = 10.0.40219.1
Project("{9A19103F-16F7-4668-BE54-9A1E7A4F7556}") = "RealStateManager", "RealStateManager\RealStateManager.csproj", "{0A7555A1-463F-4F35-9EA3-907378292DAE}"
EndProject
Project("{9A19103F-16F7-4668-BE54-9A1E7A4F7556}") = "RealStateManager.BLL", "RealStateManager.BLL\RealStateManager.BLL.csproj", "{BC395EB2-E0A2-48FA-B15C-787A215C199F}"
EndProject
Project("{9A19103F-16F7-4668-BE54-9A1E7A4F7556}") = "RealStateManager.DAL", "RealStateManager.DAL\RealStateManager.DAL.csproj", "{FDFAA124-4B7C-4CD8-85EE-A4840A6051BA}"
EndProject
Project("{2150E333-8FDC-42A3-9474-1A3956D46DE8}") = "Solution Items", "Solution Items", "{00297C8E-9EC0-4474-8E3E-2AAAD9B5EB7F}"
	ProjectSection(SolutionItems) = preProject
		.editorconfig = .editorconfig
	EndProjectSection
EndProject
Global
	GlobalSection(SolutionConfigurationPlatforms) = preSolution
		Debug|Any CPU = Debug|Any CPU
		Release|Any CPU = Release|Any CPU
	EndGlobalSection
	GlobalSection(ProjectConfigurationPlatforms) = postSolution
		{0A7555A1-463F-4F35-9EA3-907378292DAE}.Debug|Any CPU.ActiveCfg = Debug|Any CPU
		{0A7555A1-463F-4F35-9EA3-907378292DAE}.Debug|Any CPU.Build.0 = Debug|Any CPU
		{0A7555A1-463F-4F35-9EA3-907378292DAE}.Release|Any CPU.ActiveCfg = Release|Any CPU
		{0A7555A1-463F-4F35-9EA3-907378292DAE}.Release|Any CPU.Build.0 = Release|Any CPU
		{BC395EB2-E0A2-48FA-B15C-787A215C199F}.Debug|Any CPU.ActiveCfg = Debug|Any CPU
		{BC395EB2-E0A2-48FA-B15C-787A215C199F}.Debug|Any CPU.Build.0 = Debug|Any CPU
		{BC395EB2-E0A2-48FA-B15C-787A215C199F}.Release|Any CPU.ActiveCfg = Release|Any CPU
		{BC395EB2-E0A2-48FA-B15C-787A215C199F}.Release|Any CPU.Build.0 = Release|Any CPU
		{FDFAA124-4B7C-4CD8-85EE-A4840A6051BA}.Debug|Any CPU.ActiveCfg = Debug|Any CPU
		{FDFAA124-4B7C-4CD8-85EE-A4840A6051BA}.Debug|Any CPU.Build.0 = Debug|Any CPU
		{FDFAA124-4B7C-4CD8-85EE-A4840A6051BA}.Release|Any CPU.ActiveCfg = Release|Any CPU
		{FDFAA124-4B7C-4CD8-85EE-A4840A6051BA}.Release|Any CPU.Build.0 = Release|Any CPU
	EndGlobalSection
	GlobalSection(SolutionProperties) = preSolution
		HideSolutionNode = FALSE
	EndGlobalSection
	GlobalSection(ExtensibilityGlobals) = postSolution
		SolutionGuid = {965183EA-B591-4B6D-ACAB-B48EE946244D}
	EndGlobalSection
EndGlobal
